{
  "name": "fittable-angular",
  "version": "1.0.0",
  "lockfileVersion": 3,
  "requires": true,
  "packages": {
    "": {
      "name": "fittable-angular",
      "version": "1.0.0",
      "license": "AGPL-3.0",
      "dependencies": {
        "fittable-core": "file:../../../typescript-lib/fittable-core/fittable-core-1.0.0.tgz",
        "tslib": "^2.3.0"
      },
      "devDependencies": {
        "fittable-model": "file:../../../typescript-lib/fittable-model/fittable-model-1.0.0.tgz",
        "fittable-model-operations": "file:../../../typescript-lib/fittable-model-operations/fittable-model-operations-1.0.0.tgz",
        "fittable-view-model": "file:../../../typescript-lib/fittable-view-model/fittable-view-model-1.0.0.tgz"
      },
      "peerDependencies": {
        "@angular/common": "^15.2.0",
        "@angular/core": "^15.2.0"
      }
    },
    "node_modules/@angular/common": {
      "version": "15.2.9",
      "resolved": "https://registry.npmjs.org/@angular/common/-/common-15.2.9.tgz",
      "integrity": "sha512-LM9/UHG2dRrOzlu2KovrFwWIziFMjRxHzSP3Igw6Symw/wIl0kXGq8Fn6RpFP78zmLqnv+IQOoRiby9MCXsI4g==",
      "peer": true,
      "dependencies": {
        "tslib": "^2.3.0"
      },
      "engines": {
        "node": "^14.20.0 || ^16.13.0 || >=18.10.0"
      },
      "peerDependencies": {
        "@angular/core": "15.2.9",
        "rxjs": "^6.5.3 || ^7.4.0"
      }
    },
    "node_modules/@angular/core": {
      "version": "15.2.9",
      "resolved": "https://registry.npmjs.org/@angular/core/-/core-15.2.9.tgz",
      "integrity": "sha512-w46Z1yUXCQfKV7XfnamOoLA2VD0MVUUYVrUjO73mHSskDXSXxfZAEHO9kfUS71Cj35PvhP3mbkqWscpea2WeYg==",
      "peer": true,
      "dependencies": {
        "tslib": "^2.3.0"
      },
      "engines": {
        "node": "^14.20.0 || ^16.13.0 || >=18.10.0"
      },
      "peerDependencies": {
        "rxjs": "^6.5.3 || ^7.4.0",
        "zone.js": "~0.11.4 || ~0.12.0 || ~0.13.0"
      }
    },
    "node_modules/fittable-core": {
      "version": "1.0.0",
      "resolved": "file:../../../typescript-lib/fittable-core/fittable-core-1.0.0.tgz",
      "integrity": "sha512-VVvtx5DDJgVYheajzC/MnhUvlwSpRMJWB9g1al2uTV2MTesT/k5iNVnpTzgWpjkSaNozJRx2f6Yz3EDjFcAfvA==",
      "license": "AGPL-3.0",
      "dependencies": {
        "rxjs": "^7.8.0"
      }
    },
    "node_modules/fittable-model": {
      "version": "1.0.0",
      "resolved": "file:../../../typescript-lib/fittable-model/fittable-model-1.0.0.tgz",
      "integrity": "sha512-RIkM+8ZDN9iLKg5hrKZMdTeGVvFxTsYB6L5iFIu7Fs24mm0DTghdYtg1NqByR1MvAHVWuegpS25DXNhtTvGkCg==",
      "dev": true,
      "license": "AGPL-3.0",
      "dependencies": {
        "fittable-core": "file:../fittable-core/fittable-core-1.0.0.tgz"
      }
    },
    "node_modules/fittable-model-operations": {
      "version": "1.0.0",
      "resolved": "file:../../../typescript-lib/fittable-model-operations/fittable-model-operations-1.0.0.tgz",
      "integrity": "sha512-ttT9Qf9pxB2Z6fzySmFdNb6qt23Z0AFOs6Ptd9MnoQTA4cRt7kmxV2BWyQTqyP4/T/1nsXzpF66b1Mah5kTxEg==",
      "dev": true,
      "license": "AGPL-3.0",
      "dependencies": {
        "fittable-core": "file:../fittable-core/fittable-core-1.0.0.tgz"
      }
    },
    "node_modules/fittable-view-model": {
      "version": "1.0.0",
      "resolved": "file:../../../typescript-lib/fittable-view-model/fittable-view-model-1.0.0.tgz",
      "integrity": "sha512-MNi4mDhpP8kTAdzaWMNja3qzQm67l2ailwaKCB6OgBpqky+Xqafgzek//lf9wXe1+vemx9ppW2VUcKofJaSgCA==",
      "dev": true,
      "license": "AGPL-3.0",
      "dependencies": {
        "fittable-core": "file:../fittable-core/fittable-core-1.0.0.tgz",
        "rxjs": "^7.8.0"
      }
    },
    "node_modules/rxjs": {
      "version": "7.8.1",
      "resolved": "https://registry.npmjs.org/rxjs/-/rxjs-7.8.1.tgz",
      "integrity": "sha512-AA3TVj+0A2iuIoQkWEK/tqFjBq2j+6PO6Y0zJcvzLAFhEFIO3HL0vls9hWLncZbAAbK0mar7oZ4V079I/qPMxg==",
      "dependencies": {
        "tslib": "^2.1.0"
      }
    },
    "node_modules/tslib": {
      "version": "2.5.0",
      "resolved": "https://registry.npmjs.org/tslib/-/tslib-2.5.0.tgz",
      "integrity": "sha512-336iVw3rtn2BUK7ORdIAHTyxHGRIHVReokCR3XjbckJMK7ms8FysBfhLR8IXnAgy7T0PTPNBWKiH514FOW/WSg=="
    },
    "node_modules/zone.js": {
      "version": "0.13.0",
      "resolved": "https://registry.npmjs.org/zone.js/-/zone.js-0.13.0.tgz",
      "integrity": "sha512-7m3hNNyswsdoDobCkYNAy5WiUulkMd3+fWaGT9ij6iq3Zr/IwJo4RMCYPSDjT+r7tnPErmY9sZpKhWQ8S5k6XQ==",
      "peer": true,
      "dependencies": {
        "tslib": "^2.3.0"
      }
    }
  }
}
